// !$*UTF8*$!
{
	archiveVersion = 1;
	classes = {
	};
	objectVersion = 50;
	objects = {

/* Begin PBXBuildFile section */
		430A3D6B236B1A0100E9615D /* 29.txt in Resources */ = {isa = PBXBuildFile; fileRef = 430A3D06236B1A0100E9615D /* 29.txt */; };
		430A3D6C236B1A0100E9615D /* 15.txt in Resources */ = {isa = PBXBuildFile; fileRef = 430A3D07236B1A0100E9615D /* 15.txt */; };
		430A3D6D236B1A0100E9615D /* 01.txt in Resources */ = {isa = PBXBuildFile; fileRef = 430A3D08236B1A0100E9615D /* 01.txt */; };
		430A3D6E236B1A0100E9615D /* 100.txt in Resources */ = {isa = PBXBuildFile; fileRef = 430A3D09236B1A0100E9615D /* 100.txt */; };
		430A3D6F236B1A0100E9615D /* 101.txt in Resources */ = {isa = PBXBuildFile; fileRef = 430A3D0A236B1A0100E9615D /* 101.txt */; };
		430A3D70236B1A0100E9615D /* 14.txt in Resources */ = {isa = PBXBuildFile; fileRef = 430A3D0B236B1A0100E9615D /* 14.txt */; };
		430A3D71236B1A0100E9615D /* 28.txt in Resources */ = {isa = PBXBuildFile; fileRef = 430A3D0C236B1A0100E9615D /* 28.txt */; };
		430A3D72236B1A0100E9615D /* 02.txt in Resources */ = {isa = PBXBuildFile; fileRef = 430A3D0D236B1A0100E9615D /* 02.txt */; };
		430A3D73236B1A0100E9615D /* 16.txt in Resources */ = {isa = PBXBuildFile; fileRef = 430A3D0E236B1A0100E9615D /* 16.txt */; };
		430A3D74236B1A0100E9615D /* 17.txt in Resources */ = {isa = PBXBuildFile; fileRef = 430A3D0F236B1A0100E9615D /* 17.txt */; };
		430A3D75236B1A0100E9615D /* 03.txt in Resources */ = {isa = PBXBuildFile; fileRef = 430A3D10236B1A0100E9615D /* 03.txt */; };
		430A3D76236B1A0100E9615D /* 07.txt in Resources */ = {isa = PBXBuildFile; fileRef = 430A3D11236B1A0100E9615D /* 07.txt */; };
		430A3D77236B1A0100E9615D /* 13.txt in Resources */ = {isa = PBXBuildFile; fileRef = 430A3D12236B1A0100E9615D /* 13.txt */; };
		430A3D78236B1A0100E9615D /* 12.txt in Resources */ = {isa = PBXBuildFile; fileRef = 430A3D13236B1A0100E9615D /* 12.txt */; };
		430A3D79236B1A0100E9615D /* 06.txt in Resources */ = {isa = PBXBuildFile; fileRef = 430A3D14236B1A0100E9615D /* 06.txt */; };
		430A3D7A236B1A0100E9615D /* 10.txt in Resources */ = {isa = PBXBuildFile; fileRef = 430A3D15236B1A0100E9615D /* 10.txt */; };
		430A3D7B236B1A0100E9615D /* 04.txt in Resources */ = {isa = PBXBuildFile; fileRef = 430A3D16236B1A0100E9615D /* 04.txt */; };
		430A3D7C236B1A0100E9615D /* 38.txt in Resources */ = {isa = PBXBuildFile; fileRef = 430A3D17236B1A0100E9615D /* 38.txt */; };
		430A3D7D236B1A0100E9615D /* 39.txt in Resources */ = {isa = PBXBuildFile; fileRef = 430A3D18236B1A0100E9615D /* 39.txt */; };
		430A3D7E236B1A0100E9615D /* 05.txt in Resources */ = {isa = PBXBuildFile; fileRef = 430A3D19236B1A0100E9615D /* 05.txt */; };
		430A3D7F236B1A0100E9615D /* 11.txt in Resources */ = {isa = PBXBuildFile; fileRef = 430A3D1A236B1A0100E9615D /* 11.txt */; };
		430A3D80236B1A0100E9615D /* 76.txt in Resources */ = {isa = PBXBuildFile; fileRef = 430A3D1B236B1A0100E9615D /* 76.txt */; };
		430A3D81236B1A0100E9615D /* 62.txt in Resources */ = {isa = PBXBuildFile; fileRef = 430A3D1C236B1A0100E9615D /* 62.txt */; };
		430A3D82236B1A0100E9615D /* 89.txt in Resources */ = {isa = PBXBuildFile; fileRef = 430A3D1D236B1A0100E9615D /* 89.txt */; };
		430A3D83236B1A0100E9615D /* 88.txt in Resources */ = {isa = PBXBuildFile; fileRef = 430A3D1E236B1A0100E9615D /* 88.txt */; };
		430A3D84236B1A0100E9615D /* 63.txt in Resources */ = {isa = PBXBuildFile; fileRef = 430A3D1F236B1A0100E9615D /* 63.txt */; };
		430A3D85236B1A0100E9615D /* 77.txt in Resources */ = {isa = PBXBuildFile; fileRef = 430A3D20236B1A0100E9615D /* 77.txt */; };
		430A3D86236B1A0100E9615D /* 49.txt in Resources */ = {isa = PBXBuildFile; fileRef = 430A3D21236B1A0100E9615D /* 49.txt */; };
		430A3D87236B1A0100E9615D /* 61.txt in Resources */ = {isa = PBXBuildFile; fileRef = 430A3D22236B1A0100E9615D /* 61.txt */; };
		430A3D88236B1A0100E9615D /* 75.txt in Resources */ = {isa = PBXBuildFile; fileRef = 430A3D23236B1A0100E9615D /* 75.txt */; };
		430A3D89236B1A0100E9615D /* 74.txt in Resources */ = {isa = PBXBuildFile; fileRef = 430A3D24236B1A0100E9615D /* 74.txt */; };
		430A3D8A236B1A0100E9615D /* 60.txt in Resources */ = {isa = PBXBuildFile; fileRef = 430A3D25236B1A0100E9615D /* 60.txt */; };
		430A3D8B236B1A0100E9615D /* 48.txt in Resources */ = {isa = PBXBuildFile; fileRef = 430A3D26236B1A0100E9615D /* 48.txt */; };
		430A3D8C236B1A0100E9615D /* 64.txt in Resources */ = {isa = PBXBuildFile; fileRef = 430A3D27236B1A0100E9615D /* 64.txt */; };
		430A3D8D236B1A0100E9615D /* 70.txt in Resources */ = {isa = PBXBuildFile; fileRef = 430A3D28236B1A0100E9615D /* 70.txt */; };
		430A3D8E236B1A0100E9615D /* 58.txt in Resources */ = {isa = PBXBuildFile; fileRef = 430A3D29236B1A0100E9615D /* 58.txt */; };
		430A3D8F236B1A0100E9615D /* 59.txt in Resources */ = {isa = PBXBuildFile; fileRef = 430A3D2A236B1A0100E9615D /* 59.txt */; };
		430A3D90236B1A0100E9615D /* 71.txt in Resources */ = {isa = PBXBuildFile; fileRef = 430A3D2B236B1A0100E9615D /* 71.txt */; };
		430A3D91236B1A0100E9615D /* 65.txt in Resources */ = {isa = PBXBuildFile; fileRef = 430A3D2C236B1A0100E9615D /* 65.txt */; };
		430A3D92236B1A0100E9615D /* 73.txt in Resources */ = {isa = PBXBuildFile; fileRef = 430A3D2D236B1A0100E9615D /* 73.txt */; };
		430A3D93236B1A0100E9615D /* 67.txt in Resources */ = {isa = PBXBuildFile; fileRef = 430A3D2E236B1A0100E9615D /* 67.txt */; };
		430A3D94236B1A0100E9615D /* 98.txt in Resources */ = {isa = PBXBuildFile; fileRef = 430A3D2F236B1A0100E9615D /* 98.txt */; };
		430A3D95236B1A0100E9615D /* 99.txt in Resources */ = {isa = PBXBuildFile; fileRef = 430A3D30236B1A0100E9615D /* 99.txt */; };
		430A3D96236B1A0100E9615D /* 66.txt in Resources */ = {isa = PBXBuildFile; fileRef = 430A3D31236B1A0100E9615D /* 66.txt */; };
		430A3D97236B1A0100E9615D /* 72.txt in Resources */ = {isa = PBXBuildFile; fileRef = 430A3D32236B1A0100E9615D /* 72.txt */; };
		430A3D98236B1A0100E9615D /* 57.txt in Resources */ = {isa = PBXBuildFile; fileRef = 430A3D33236B1A0100E9615D /* 57.txt */; };
		430A3D99236B1A0100E9615D /* 43.txt in Resources */ = {isa = PBXBuildFile; fileRef = 430A3D34236B1A0100E9615D /* 43.txt */; };
		430A3D9A236B1A0100E9615D /* 94.txt in Resources */ = {isa = PBXBuildFile; fileRef = 430A3D35236B1A0100E9615D /* 94.txt */; };
		430A3D9B236B1A0100E9615D /* 80.txt in Resources */ = {isa = PBXBuildFile; fileRef = 430A3D36236B1A0100E9615D /* 80.txt */; };
		430A3D9C236B1A0100E9615D /* 81.txt in Resources */ = {isa = PBXBuildFile; fileRef = 430A3D37236B1A0100E9615D /* 81.txt */; };
		430A3D9D236B1A0100E9615D /* 95.txt in Resources */ = {isa = PBXBuildFile; fileRef = 430A3D38236B1A0100E9615D /* 95.txt */; };
		430A3D9E236B1A0100E9615D /* 42.txt in Resources */ = {isa = PBXBuildFile; fileRef = 430A3D39236B1A0100E9615D /* 42.txt */; };
		430A3D9F236B1A0100E9615D /* 56.txt in Resources */ = {isa = PBXBuildFile; fileRef = 430A3D3A236B1A0100E9615D /* 56.txt */; };
		430A3DA0236B1A0100E9615D /* 68.txt in Resources */ = {isa = PBXBuildFile; fileRef = 430A3D3B236B1A0100E9615D /* 68.txt */; };
		430A3DA1236B1A0100E9615D /* 40.txt in Resources */ = {isa = PBXBuildFile; fileRef = 430A3D3C236B1A0100E9615D /* 40.txt */; };
		430A3DA2236B1A0100E9615D /* 54.txt in Resources */ = {isa = PBXBuildFile; fileRef = 430A3D3D236B1A0100E9615D /* 54.txt */; };
		430A3DA3236B1A0100E9615D /* 83.txt in Resources */ = {isa = PBXBuildFile; fileRef = 430A3D3E236B1A0100E9615D /* 83.txt */; };
		430A3DA4236B1A0100E9615D /* 97.txt in Resources */ = {isa = PBXBuildFile; fileRef = 430A3D3F236B1A0100E9615D /* 97.txt */; };
		430A3DA5236B1A0100E9615D /* 96.txt in Resources */ = {isa = PBXBuildFile; fileRef = 430A3D40236B1A0100E9615D /* 96.txt */; };
		430A3DA6236B1A0100E9615D /* 82.txt in Resources */ = {isa = PBXBuildFile; fileRef = 430A3D41236B1A0100E9615D /* 82.txt */; };
		430A3DA7236B1A0100E9615D /* 55.txt in Resources */ = {isa = PBXBuildFile; fileRef = 430A3D42236B1A0100E9615D /* 55.txt */; };
		430A3DA8236B1A0100E9615D /* 41.txt in Resources */ = {isa = PBXBuildFile; fileRef = 430A3D43236B1A0100E9615D /* 41.txt */; };
		430A3DA9236B1A0100E9615D /* 69.txt in Resources */ = {isa = PBXBuildFile; fileRef = 430A3D44236B1A0100E9615D /* 69.txt */; };
		430A3DAA236B1A0100E9615D /* 45.txt in Resources */ = {isa = PBXBuildFile; fileRef = 430A3D45236B1A0100E9615D /* 45.txt */; };
		430A3DAB236B1A0100E9615D /* 51.txt in Resources */ = {isa = PBXBuildFile; fileRef = 430A3D46236B1A0100E9615D /* 51.txt */; };
		430A3DAC236B1A0100E9615D /* 79.txt in Resources */ = {isa = PBXBuildFile; fileRef = 430A3D47236B1A0100E9615D /* 79.txt */; };
		430A3DAD236B1A0100E9615D /* 86.txt in Resources */ = {isa = PBXBuildFile; fileRef = 430A3D48236B1A0100E9615D /* 86.txt */; };
		430A3DAE236B1A0100E9615D /* 92.txt in Resources */ = {isa = PBXBuildFile; fileRef = 430A3D49236B1A0100E9615D /* 92.txt */; };
		430A3DAF236B1A0100E9615D /* 93.txt in Resources */ = {isa = PBXBuildFile; fileRef = 430A3D4A236B1A0100E9615D /* 93.txt */; };
		430A3DB0236B1A0100E9615D /* 87.txt in Resources */ = {isa = PBXBuildFile; fileRef = 430A3D4B236B1A0100E9615D /* 87.txt */; };
		430A3DB1236B1A0100E9615D /* 78.txt in Resources */ = {isa = PBXBuildFile; fileRef = 430A3D4C236B1A0100E9615D /* 78.txt */; };
		430A3DB2236B1A0100E9615D /* 50.txt in Resources */ = {isa = PBXBuildFile; fileRef = 430A3D4D236B1A0100E9615D /* 50.txt */; };
		430A3DB3236B1A0100E9615D /* 44.txt in Resources */ = {isa = PBXBuildFile; fileRef = 430A3D4E236B1A0100E9615D /* 44.txt */; };
		430A3DB4236B1A0100E9615D /* 52.txt in Resources */ = {isa = PBXBuildFile; fileRef = 430A3D4F236B1A0100E9615D /* 52.txt */; };
		430A3DB5236B1A0100E9615D /* 46.txt in Resources */ = {isa = PBXBuildFile; fileRef = 430A3D50236B1A0100E9615D /* 46.txt */; };
		430A3DB6236B1A0100E9615D /* 91.txt in Resources */ = {isa = PBXBuildFile; fileRef = 430A3D51236B1A0100E9615D /* 91.txt */; };
		430A3DB7236B1A0100E9615D /* 85.txt in Resources */ = {isa = PBXBuildFile; fileRef = 430A3D52236B1A0100E9615D /* 85.txt */; };
		430A3DB8236B1A0100E9615D /* 84.txt in Resources */ = {isa = PBXBuildFile; fileRef = 430A3D53236B1A0100E9615D /* 84.txt */; };
		430A3DB9236B1A0100E9615D /* 90.txt in Resources */ = {isa = PBXBuildFile; fileRef = 430A3D54236B1A0100E9615D /* 90.txt */; };
		430A3DBA236B1A0100E9615D /* 47.txt in Resources */ = {isa = PBXBuildFile; fileRef = 430A3D55236B1A0100E9615D /* 47.txt */; };
		430A3DBB236B1A0100E9615D /* 53.txt in Resources */ = {isa = PBXBuildFile; fileRef = 430A3D56236B1A0100E9615D /* 53.txt */; };
		430A3DBC236B1A0100E9615D /* 08.txt in Resources */ = {isa = PBXBuildFile; fileRef = 430A3D57236B1A0100E9615D /* 08.txt */; };
		430A3DBD236B1A0100E9615D /* 34.txt in Resources */ = {isa = PBXBuildFile; fileRef = 430A3D58236B1A0100E9615D /* 34.txt */; };
		430A3DBE236B1A0100E9615D /* 20.txt in Resources */ = {isa = PBXBuildFile; fileRef = 430A3D59236B1A0100E9615D /* 20.txt */; };
		430A3DBF236B1A0100E9615D /* 21.txt in Resources */ = {isa = PBXBuildFile; fileRef = 430A3D5A236B1A0100E9615D /* 21.txt */; };
		430A3DC0236B1A0100E9615D /* 35.txt in Resources */ = {isa = PBXBuildFile; fileRef = 430A3D5B236B1A0100E9615D /* 35.txt */; };
		430A3DC1236B1A0100E9615D /* 09.txt in Resources */ = {isa = PBXBuildFile; fileRef = 430A3D5C236B1A0100E9615D /* 09.txt */; };
		430A3DC2236B1A0100E9615D /* 23.txt in Resources */ = {isa = PBXBuildFile; fileRef = 430A3D5D236B1A0100E9615D /* 23.txt */; };
		430A3DC3236B1A0100E9615D /* 37.txt in Resources */ = {isa = PBXBuildFile; fileRef = 430A3D5E236B1A0100E9615D /* 37.txt */; };
		430A3DC4236B1A0100E9615D /* 36.txt in Resources */ = {isa = PBXBuildFile; fileRef = 430A3D5F236B1A0100E9615D /* 36.txt */; };
		430A3DC5236B1A0100E9615D /* 22.txt in Resources */ = {isa = PBXBuildFile; fileRef = 430A3D60236B1A0100E9615D /* 22.txt */; };
		430A3DC6236B1A0100E9615D /* 26.txt in Resources */ = {isa = PBXBuildFile; fileRef = 430A3D61236B1A0100E9615D /* 26.txt */; };
		430A3DC7236B1A0100E9615D /* 32.txt in Resources */ = {isa = PBXBuildFile; fileRef = 430A3D62236B1A0100E9615D /* 32.txt */; };
		430A3DC8236B1A0100E9615D /* 33.txt in Resources */ = {isa = PBXBuildFile; fileRef = 430A3D63236B1A0100E9615D /* 33.txt */; };
		430A3DC9236B1A0100E9615D /* 27.txt in Resources */ = {isa = PBXBuildFile; fileRef = 430A3D64236B1A0100E9615D /* 27.txt */; };
		430A3DCA236B1A0100E9615D /* 31.txt in Resources */ = {isa = PBXBuildFile; fileRef = 430A3D65236B1A0100E9615D /* 31.txt */; };
		430A3DCB236B1A0100E9615D /* 25.txt in Resources */ = {isa = PBXBuildFile; fileRef = 430A3D66236B1A0100E9615D /* 25.txt */; };
		430A3DCC236B1A0100E9615D /* 19.txt in Resources */ = {isa = PBXBuildFile; fileRef = 430A3D67236B1A0100E9615D /* 19.txt */; };
		430A3DCD236B1A0100E9615D /* 18.txt in Resources */ = {isa = PBXBuildFile; fileRef = 430A3D68236B1A0100E9615D /* 18.txt */; };
		430A3DCE236B1A0100E9615D /* 24.txt in Resources */ = {isa = PBXBuildFile; fileRef = 430A3D69236B1A0100E9615D /* 24.txt */; };
		430A3DCF236B1A0100E9615D /* 30.txt in Resources */ = {isa = PBXBuildFile; fileRef = 430A3D6A236B1A0100E9615D /* 30.txt */; };
		4385636223672B01007D055D /* LRPageViewController.swift in Sources */ = {isa = PBXBuildFile; fileRef = 4385636123672B01007D055D /* LRPageViewController.swift */; };
		4385636423682507007D055D /* Const.swift in Sources */ = {isa = PBXBuildFile; fileRef = 4385636323682507007D055D /* Const.swift */; };
		438563682369BFD9007D055D /* LRPageModel.swift in Sources */ = {isa = PBXBuildFile; fileRef = 438563672369BFD9007D055D /* LRPageModel.swift */; };
		439CC1D823669ED100978E9F /* AppDelegate.swift in Sources */ = {isa = PBXBuildFile; fileRef = 439CC1D723669ED100978E9F /* AppDelegate.swift */; };
		439CC1DA23669ED100978E9F /* SceneDelegate.swift in Sources */ = {isa = PBXBuildFile; fileRef = 439CC1D923669ED100978E9F /* SceneDelegate.swift */; };
		439CC1DC23669ED100978E9F /* LRBooKViewController.swift in Sources */ = {isa = PBXBuildFile; fileRef = 439CC1DB23669ED100978E9F /* LRBooKViewController.swift */; };
		439CC1DF23669ED100978E9F /* Main.storyboard in Resources */ = {isa = PBXBuildFile; fileRef = 439CC1DD23669ED100978E9F /* Main.storyboard */; };
		439CC1E123669ED500978E9F /* Assets.xcassets in Resources */ = {isa = PBXBuildFile; fileRef = 439CC1E023669ED500978E9F /* Assets.xcassets */; };
		439CC1E423669ED500978E9F /* LaunchScreen.storyboard in Resources */ = {isa = PBXBuildFile; fileRef = 439CC1E223669ED500978E9F /* LaunchScreen.storyboard */; };
		439CC1EC2366A3C900978E9F /* 水浒传.txt in Resources */ = {isa = PBXBuildFile; fileRef = 439CC1EB2366A3C900978E9F /* 水浒传.txt */; };
		439CC2BD2366AE0100978E9F /* 01.txt in Resources */ = {isa = PBXBuildFile; fileRef = 439CC2BC2366AE0100978E9F /* 01.txt */; };
		439CC2BF2366BCF300978E9F /* LRTimeLabel.swift in Sources */ = {isa = PBXBuildFile; fileRef = 439CC2BE2366BCF300978E9F /* LRTimeLabel.swift */; };
		439CC2C22366C43500978E9F /* Miso(1347)0032.jpg in Resources */ = {isa = PBXBuildFile; fileRef = 439CC2C12366C43500978E9F /* Miso(1347)0032.jpg */; };
		439CC2C52366C9D700978E9F /* LRBookshelfViewController.swift in Sources */ = {isa = PBXBuildFile; fileRef = 439CC2C42366C9D700978E9F /* LRBookshelfViewController.swift */; };
		439CC2C72366CB0E00978E9F /* UIKit+Extension.swift in Sources */ = {isa = PBXBuildFile; fileRef = 439CC2C62366CB0E00978E9F /* UIKit+Extension.swift */; };
/* End PBXBuildFile section */

/* Begin PBXFileReference section */
		430A3D06236B1A0100E9615D /* 29.txt */ = {isa = PBXFileReference; fileEncoding = 4; lastKnownFileType = text; path = 29.txt; sourceTree = "<group>"; };
		430A3D07236B1A0100E9615D /* 15.txt */ = {isa = PBXFileReference; fileEncoding = 4; lastKnownFileType = text; path = 15.txt; sourceTree = "<group>"; };
		430A3D08236B1A0100E9615D /* 01.txt */ = {isa = PBXFileReference; fileEncoding = 4; lastKnownFileType = text; path = 01.txt; sourceTree = "<group>"; };
		430A3D09236B1A0100E9615D /* 100.txt */ = {isa = PBXFileReference; fileEncoding = 4; lastKnownFileType = text; path = 100.txt; sourceTree = "<group>"; };
		430A3D0A236B1A0100E9615D /* 101.txt */ = {isa = PBXFileReference; fileEncoding = 4; lastKnownFileType = text; path = 101.txt; sourceTree = "<group>"; };
		430A3D0B236B1A0100E9615D /* 14.txt */ = {isa = PBXFileReference; fileEncoding = 4; lastKnownFileType = text; path = 14.txt; sourceTree = "<group>"; };
		430A3D0C236B1A0100E9615D /* 28.txt */ = {isa = PBXFileReference; fileEncoding = 4; lastKnownFileType = text; path = 28.txt; sourceTree = "<group>"; };
		430A3D0D236B1A0100E9615D /* 02.txt */ = {isa = PBXFileReference; fileEncoding = 4; lastKnownFileType = text; path = 02.txt; sourceTree = "<group>"; };
		430A3D0E236B1A0100E9615D /* 16.txt */ = {isa = PBXFileReference; fileEncoding = 4; lastKnownFileType = text; path = 16.txt; sourceTree = "<group>"; };
		430A3D0F236B1A0100E9615D /* 17.txt */ = {isa = PBXFileReference; fileEncoding = 4; lastKnownFileType = text; path = 17.txt; sourceTree = "<group>"; };
		430A3D10236B1A0100E9615D /* 03.txt */ = {isa = PBXFileReference; fileEncoding = 4; lastKnownFileType = text; path = 03.txt; sourceTree = "<group>"; };
		430A3D11236B1A0100E9615D /* 07.txt */ = {isa = PBXFileReference; fileEncoding = 4; lastKnownFileType = text; path = 07.txt; sourceTree = "<group>"; };
		430A3D12236B1A0100E9615D /* 13.txt */ = {isa = PBXFileReference; fileEncoding = 4; lastKnownFileType = text; path = 13.txt; sourceTree = "<group>"; };
		430A3D13236B1A0100E9615D /* 12.txt */ = {isa = PBXFileReference; fileEncoding = 4; lastKnownFileType = text; path = 12.txt; sourceTree = "<group>"; };
		430A3D14236B1A0100E9615D /* 06.txt */ = {isa = PBXFileReference; fileEncoding = 4; lastKnownFileType = text; path = 06.txt; sourceTree = "<group>"; };
		430A3D15236B1A0100E9615D /* 10.txt */ = {isa = PBXFileReference; fileEncoding = 4; lastKnownFileType = text; path = 10.txt; sourceTree = "<group>"; };
		430A3D16236B1A0100E9615D /* 04.txt */ = {isa = PBXFileReference; fileEncoding = 4; lastKnownFileType = text; path = 04.txt; sourceTree = "<group>"; };
		430A3D17236B1A0100E9615D /* 38.txt */ = {isa = PBXFileReference; fileEncoding = 4; lastKnownFileType = text; path = 38.txt; sourceTree = "<group>"; };
		430A3D18236B1A0100E9615D /* 39.txt */ = {isa = PBXFileReference; fileEncoding = 4; lastKnownFileType = text; path = 39.txt; sourceTree = "<group>"; };
		430A3D19236B1A0100E9615D /* 05.txt */ = {isa = PBXFileReference; fileEncoding = 4; lastKnownFileType = text; path = 05.txt; sourceTree = "<group>"; };
		430A3D1A236B1A0100E9615D /* 11.txt */ = {isa = PBXFileReference; fileEncoding = 4; lastKnownFileType = text; path = 11.txt; sourceTree = "<group>"; };
		430A3D1B236B1A0100E9615D /* 76.txt */ = {isa = PBXFileReference; fileEncoding = 4; lastKnownFileType = text; path = 76.txt; sourceTree = "<group>"; };
		430A3D1C236B1A0100E9615D /* 62.txt */ = {isa = PBXFileReference; fileEncoding = 4; lastKnownFileType = text; path = 62.txt; sourceTree = "<group>"; };
		430A3D1D236B1A0100E9615D /* 89.txt */ = {isa = PBXFileReference; fileEncoding = 4; lastKnownFileType = text; path = 89.txt; sourceTree = "<group>"; };
		430A3D1E236B1A0100E9615D /* 88.txt */ = {isa = PBXFileReference; fileEncoding = 4; lastKnownFileType = text; path = 88.txt; sourceTree = "<group>"; };
		430A3D1F236B1A0100E9615D /* 63.txt */ = {isa = PBXFileReference; fileEncoding = 4; lastKnownFileType = text; path = 63.txt; sourceTree = "<group>"; };
		430A3D20236B1A0100E9615D /* 77.txt */ = {isa = PBXFileReference; fileEncoding = 4; lastKnownFileType = text; path = 77.txt; sourceTree = "<group>"; };
		430A3D21236B1A0100E9615D /* 49.txt */ = {isa = PBXFileReference; fileEncoding = 4; lastKnownFileType = text; path = 49.txt; sourceTree = "<group>"; };
		430A3D22236B1A0100E9615D /* 61.txt */ = {isa = PBXFileReference; fileEncoding = 4; lastKnownFileType = text; path = 61.txt; sourceTree = "<group>"; };
		430A3D23236B1A0100E9615D /* 75.txt */ = {isa = PBXFileReference; fileEncoding = 4; lastKnownFileType = text; path = 75.txt; sourceTree = "<group>"; };
		430A3D24236B1A0100E9615D /* 74.txt */ = {isa = PBXFileReference; fileEncoding = 4; lastKnownFileType = text; path = 74.txt; sourceTree = "<group>"; };
		430A3D25236B1A0100E9615D /* 60.txt */ = {isa = PBXFileReference; fileEncoding = 4; lastKnownFileType = text; path = 60.txt; sourceTree = "<group>"; };
		430A3D26236B1A0100E9615D /* 48.txt */ = {isa = PBXFileReference; fileEncoding = 4; lastKnownFileType = text; path = 48.txt; sourceTree = "<group>"; };
		430A3D27236B1A0100E9615D /* 64.txt */ = {isa = PBXFileReference; fileEncoding = 4; lastKnownFileType = text; path = 64.txt; sourceTree = "<group>"; };
		430A3D28236B1A0100E9615D /* 70.txt */ = {isa = PBXFileReference; fileEncoding = 4; lastKnownFileType = text; path = 70.txt; sourceTree = "<group>"; };
		430A3D29236B1A0100E9615D /* 58.txt */ = {isa = PBXFileReference; fileEncoding = 4; lastKnownFileType = text; path = 58.txt; sourceTree = "<group>"; };
		430A3D2A236B1A0100E9615D /* 59.txt */ = {isa = PBXFileReference; fileEncoding = 4; lastKnownFileType = text; path = 59.txt; sourceTree = "<group>"; };
		430A3D2B236B1A0100E9615D /* 71.txt */ = {isa = PBXFileReference; fileEncoding = 4; lastKnownFileType = text; path = 71.txt; sourceTree = "<group>"; };
		430A3D2C236B1A0100E9615D /* 65.txt */ = {isa = PBXFileReference; fileEncoding = 4; lastKnownFileType = text; path = 65.txt; sourceTree = "<group>"; };
		430A3D2D236B1A0100E9615D /* 73.txt */ = {isa = PBXFileReference; fileEncoding = 4; lastKnownFileType = text; path = 73.txt; sourceTree = "<group>"; };
		430A3D2E236B1A0100E9615D /* 67.txt */ = {isa = PBXFileReference; fileEncoding = 4; lastKnownFileType = text; path = 67.txt; sourceTree = "<group>"; };
		430A3D2F236B1A0100E9615D /* 98.txt */ = {isa = PBXFileReference; fileEncoding = 4; lastKnownFileType = text; path = 98.txt; sourceTree = "<group>"; };
		430A3D30236B1A0100E9615D /* 99.txt */ = {isa = PBXFileReference; fileEncoding = 4; lastKnownFileType = text; path = 99.txt; sourceTree = "<group>"; };
		430A3D31236B1A0100E9615D /* 66.txt */ = {isa = PBXFileReference; fileEncoding = 4; lastKnownFileType = text; path = 66.txt; sourceTree = "<group>"; };
		430A3D32236B1A0100E9615D /* 72.txt */ = {isa = PBXFileReference; fileEncoding = 4; lastKnownFileType = text; path = 72.txt; sourceTree = "<group>"; };
		430A3D33236B1A0100E9615D /* 57.txt */ = {isa = PBXFileReference; fileEncoding = 4; lastKnownFileType = text; path = 57.txt; sourceTree = "<group>"; };
		430A3D34236B1A0100E9615D /* 43.txt */ = {isa = PBXFileReference; fileEncoding = 4; lastKnownFileType = text; path = 43.txt; sourceTree = "<group>"; };
		430A3D35236B1A0100E9615D /* 94.txt */ = {isa = PBXFileReference; fileEncoding = 4; lastKnownFileType = text; path = 94.txt; sourceTree = "<group>"; };
		430A3D36236B1A0100E9615D /* 80.txt */ = {isa = PBXFileReference; fileEncoding = 4; lastKnownFileType = text; path = 80.txt; sourceTree = "<group>"; };
		430A3D37236B1A0100E9615D /* 81.txt */ = {isa = PBXFileReference; fileEncoding = 4; lastKnownFileType = text; path = 81.txt; sourceTree = "<group>"; };
		430A3D38236B1A0100E9615D /* 95.txt */ = {isa = PBXFileReference; fileEncoding = 4; lastKnownFileType = text; path = 95.txt; sourceTree = "<group>"; };
		430A3D39236B1A0100E9615D /* 42.txt */ = {isa = PBXFileReference; fileEncoding = 4; lastKnownFileType = text; path = 42.txt; sourceTree = "<group>"; };
		430A3D3A236B1A0100E9615D /* 56.txt */ = {isa = PBXFileReference; fileEncoding = 4; lastKnownFileType = text; path = 56.txt; sourceTree = "<group>"; };
		430A3D3B236B1A0100E9615D /* 68.txt */ = {isa = PBXFileReference; fileEncoding = 4; lastKnownFileType = text; path = 68.txt; sourceTree = "<group>"; };
		430A3D3C236B1A0100E9615D /* 40.txt */ = {isa = PBXFileReference; fileEncoding = 4; lastKnownFileType = text; path = 40.txt; sourceTree = "<group>"; };
		430A3D3D236B1A0100E9615D /* 54.txt */ = {isa = PBXFileReference; fileEncoding = 4; lastKnownFileType = text; path = 54.txt; sourceTree = "<group>"; };
		430A3D3E236B1A0100E9615D /* 83.txt */ = {isa = PBXFileReference; fileEncoding = 4; lastKnownFileType = text; path = 83.txt; sourceTree = "<group>"; };
		430A3D3F236B1A0100E9615D /* 97.txt */ = {isa = PBXFileReference; fileEncoding = 4; lastKnownFileType = text; path = 97.txt; sourceTree = "<group>"; };
		430A3D40236B1A0100E9615D /* 96.txt */ = {isa = PBXFileReference; fileEncoding = 4; lastKnownFileType = text; path = 96.txt; sourceTree = "<group>"; };
		430A3D41236B1A0100E9615D /* 82.txt */ = {isa = PBXFileReference; fileEncoding = 4; lastKnownFileType = text; path = 82.txt; sourceTree = "<group>"; };
		430A3D42236B1A0100E9615D /* 55.txt */ = {isa = PBXFileReference; fileEncoding = 4; lastKnownFileType = text; path = 55.txt; sourceTree = "<group>"; };
		430A3D43236B1A0100E9615D /* 41.txt */ = {isa = PBXFileReference; fileEncoding = 4; lastKnownFileType = text; path = 41.txt; sourceTree = "<group>"; };
		430A3D44236B1A0100E9615D /* 69.txt */ = {isa = PBXFileReference; fileEncoding = 4; lastKnownFileType = text; path = 69.txt; sourceTree = "<group>"; };
		430A3D45236B1A0100E9615D /* 45.txt */ = {isa = PBXFileReference; fileEncoding = 4; lastKnownFileType = text; path = 45.txt; sourceTree = "<group>"; };
		430A3D46236B1A0100E9615D /* 51.txt */ = {isa = PBXFileReference; fileEncoding = 4; lastKnownFileType = text; path = 51.txt; sourceTree = "<group>"; };
		430A3D47236B1A0100E9615D /* 79.txt */ = {isa = PBXFileReference; fileEncoding = 4; lastKnownFileType = text; path = 79.txt; sourceTree = "<group>"; };
		430A3D48236B1A0100E9615D /* 86.txt */ = {isa = PBXFileReference; fileEncoding = 4; lastKnownFileType = text; path = 86.txt; sourceTree = "<group>"; };
		430A3D49236B1A0100E9615D /* 92.txt */ = {isa = PBXFileReference; fileEncoding = 4; lastKnownFileType = text; path = 92.txt; sourceTree = "<group>"; };
		430A3D4A236B1A0100E9615D /* 93.txt */ = {isa = PBXFileReference; fileEncoding = 4; lastKnownFileType = text; path = 93.txt; sourceTree = "<group>"; };
		430A3D4B236B1A0100E9615D /* 87.txt */ = {isa = PBXFileReference; fileEncoding = 4; lastKnownFileType = text; path = 87.txt; sourceTree = "<group>"; };
		430A3D4C236B1A0100E9615D /* 78.txt */ = {isa = PBXFileReference; fileEncoding = 4; lastKnownFileType = text; path = 78.txt; sourceTree = "<group>"; };
		430A3D4D236B1A0100E9615D /* 50.txt */ = {isa = PBXFileReference; fileEncoding = 4; lastKnownFileType = text; path = 50.txt; sourceTree = "<group>"; };
		430A3D4E236B1A0100E9615D /* 44.txt */ = {isa = PBXFileReference; fileEncoding = 4; lastKnownFileType = text; path = 44.txt; sourceTree = "<group>"; };
		430A3D4F236B1A0100E9615D /* 52.txt */ = {isa = PBXFileReference; fileEncoding = 4; lastKnownFileType = text; path = 52.txt; sourceTree = "<group>"; };
		430A3D50236B1A0100E9615D /* 46.txt */ = {isa = PBXFileReference; fileEncoding = 4; lastKnownFileType = text; path = 46.txt; sourceTree = "<group>"; };
		430A3D51236B1A0100E9615D /* 91.txt */ = {isa = PBXFileReference; fileEncoding = 4; lastKnownFileType = text; path = 91.txt; sourceTree = "<group>"; };
		430A3D52236B1A0100E9615D /* 85.txt */ = {isa = PBXFileReference; fileEncoding = 4; lastKnownFileType = text; path = 85.txt; sourceTree = "<group>"; };
		430A3D53236B1A0100E9615D /* 84.txt */ = {isa = PBXFileReference; fileEncoding = 4; lastKnownFileType = text; path = 84.txt; sourceTree = "<group>"; };
		430A3D54236B1A0100E9615D /* 90.txt */ = {isa = PBXFileReference; fileEncoding = 4; lastKnownFileType = text; path = 90.txt; sourceTree = "<group>"; };
		430A3D55236B1A0100E9615D /* 47.txt */ = {isa = PBXFileReference; fileEncoding = 4; lastKnownFileType = text; path = 47.txt; sourceTree = "<group>"; };
		430A3D56236B1A0100E9615D /* 53.txt */ = {isa = PBXFileReference; fileEncoding = 4; lastKnownFileType = text; path = 53.txt; sourceTree = "<group>"; };
		430A3D57236B1A0100E9615D /* 08.txt */ = {isa = PBXFileReference; fileEncoding = 4; lastKnownFileType = text; path = 08.txt; sourceTree = "<group>"; };
		430A3D58236B1A0100E9615D /* 34.txt */ = {isa = PBXFileReference; fileEncoding = 4; lastKnownFileType = text; path = 34.txt; sourceTree = "<group>"; };
		430A3D59236B1A0100E9615D /* 20.txt */ = {isa = PBXFileReference; fileEncoding = 4; lastKnownFileType = text; path = 20.txt; sourceTree = "<group>"; };
		430A3D5A236B1A0100E9615D /* 21.txt */ = {isa = PBXFileReference; fileEncoding = 4; lastKnownFileType = text; path = 21.txt; sourceTree = "<group>"; };
		430A3D5B236B1A0100E9615D /* 35.txt */ = {isa = PBXFileReference; fileEncoding = 4; lastKnownFileType = text; path = 35.txt; sourceTree = "<group>"; };
		430A3D5C236B1A0100E9615D /* 09.txt */ = {isa = PBXFileReference; fileEncoding = 4; lastKnownFileType = text; path = 09.txt; sourceTree = "<group>"; };
		430A3D5D236B1A0100E9615D /* 23.txt */ = {isa = PBXFileReference; fileEncoding = 4; lastKnownFileType = text; path = 23.txt; sourceTree = "<group>"; };
		430A3D5E236B1A0100E9615D /* 37.txt */ = {isa = PBXFileReference; fileEncoding = 4; lastKnownFileType = text; path = 37.txt; sourceTree = "<group>"; };
		430A3D5F236B1A0100E9615D /* 36.txt */ = {isa = PBXFileReference; fileEncoding = 4; lastKnownFileType = text; path = 36.txt; sourceTree = "<group>"; };
		430A3D60236B1A0100E9615D /* 22.txt */ = {isa = PBXFileReference; fileEncoding = 4; lastKnownFileType = text; path = 22.txt; sourceTree = "<group>"; };
		430A3D61236B1A0100E9615D /* 26.txt */ = {isa = PBXFileReference; fileEncoding = 4; lastKnownFileType = text; path = 26.txt; sourceTree = "<group>"; };
		430A3D62236B1A0100E9615D /* 32.txt */ = {isa = PBXFileReference; fileEncoding = 4; lastKnownFileType = text; path = 32.txt; sourceTree = "<group>"; };
		430A3D63236B1A0100E9615D /* 33.txt */ = {isa = PBXFileReference; fileEncoding = 4; lastKnownFileType = text; path = 33.txt; sourceTree = "<group>"; };
		430A3D64236B1A0100E9615D /* 27.txt */ = {isa = PBXFileReference; fileEncoding = 4; lastKnownFileType = text; path = 27.txt; sourceTree = "<group>"; };
		430A3D65236B1A0100E9615D /* 31.txt */ = {isa = PBXFileReference; fileEncoding = 4; lastKnownFileType = text; path = 31.txt; sourceTree = "<group>"; };
		430A3D66236B1A0100E9615D /* 25.txt */ = {isa = PBXFileReference; fileEncoding = 4; lastKnownFileType = text; path = 25.txt; sourceTree = "<group>"; };
		430A3D67236B1A0100E9615D /* 19.txt */ = {isa = PBXFileReference; fileEncoding = 4; lastKnownFileType = text; path = 19.txt; sourceTree = "<group>"; };
		430A3D68236B1A0100E9615D /* 18.txt */ = {isa = PBXFileReference; fileEncoding = 4; lastKnownFileType = text; path = 18.txt; sourceTree = "<group>"; };
		430A3D69236B1A0100E9615D /* 24.txt */ = {isa = PBXFileReference; fileEncoding = 4; lastKnownFileType = text; path = 24.txt; sourceTree = "<group>"; };
		430A3D6A236B1A0100E9615D /* 30.txt */ = {isa = PBXFileReference; fileEncoding = 4; lastKnownFileType = text; path = 30.txt; sourceTree = "<group>"; };
		4385636123672B01007D055D /* LRPageViewController.swift */ = {isa = PBXFileReference; lastKnownFileType = sourcecode.swift; path = LRPageViewController.swift; sourceTree = "<group>"; };
		4385636323682507007D055D /* Const.swift */ = {isa = PBXFileReference; fileEncoding = 4; lastKnownFileType = sourcecode.swift; path = Const.swift; sourceTree = "<group>"; };
		438563672369BFD9007D055D /* LRPageModel.swift */ = {isa = PBXFileReference; lastKnownFileType = sourcecode.swift; path = LRPageModel.swift; sourceTree = "<group>"; };
		439CC1D423669ED100978E9F /* LocationReader.app */ = {isa = PBXFileReference; explicitFileType = wrapper.application; includeInIndex = 0; path = LocationReader.app; sourceTree = BUILT_PRODUCTS_DIR; };
		439CC1D723669ED100978E9F /* AppDelegate.swift */ = {isa = PBXFileReference; lastKnownFileType = sourcecode.swift; path = AppDelegate.swift; sourceTree = "<group>"; };
		439CC1D923669ED100978E9F /* SceneDelegate.swift */ = {isa = PBXFileReference; lastKnownFileType = sourcecode.swift; path = SceneDelegate.swift; sourceTree = "<group>"; };
		439CC1DB23669ED100978E9F /* LRBooKViewController.swift */ = {isa = PBXFileReference; lastKnownFileType = sourcecode.swift; path = LRBooKViewController.swift; sourceTree = "<group>"; };
		439CC1DE23669ED100978E9F /* Base */ = {isa = PBXFileReference; lastKnownFileType = file.storyboard; name = Base; path = Base.lproj/Main.storyboard; sourceTree = "<group>"; };
		439CC1E023669ED500978E9F /* Assets.xcassets */ = {isa = PBXFileReference; lastKnownFileType = folder.assetcatalog; path = Assets.xcassets; sourceTree = "<group>"; };
		439CC1E323669ED500978E9F /* Base */ = {isa = PBXFileReference; lastKnownFileType = file.storyboard; name = Base; path = Base.lproj/LaunchScreen.storyboard; sourceTree = "<group>"; };
		439CC1E523669ED500978E9F /* Info.plist */ = {isa = PBXFileReference; lastKnownFileType = text.plist.xml; path = Info.plist; sourceTree = "<group>"; };
		439CC1EB2366A3C900978E9F /* 水浒传.txt */ = {isa = PBXFileReference; fileEncoding = 4; lastKnownFileType = text; path = "水浒传.txt"; sourceTree = "<group>"; };
		439CC2BC2366AE0100978E9F /* 01.txt */ = {isa = PBXFileReference; fileEncoding = 4; lastKnownFileType = text; path = 01.txt; sourceTree = "<group>"; };
		439CC2BE2366BCF300978E9F /* LRTimeLabel.swift */ = {isa = PBXFileReference; lastKnownFileType = sourcecode.swift; path = LRTimeLabel.swift; sourceTree = "<group>"; };
		439CC2C12366C43500978E9F /* Miso(1347)0032.jpg */ = {isa = PBXFileReference; lastKnownFileType = image.jpeg; path = "Miso(1347)0032.jpg"; sourceTree = "<group>"; };
		439CC2C42366C9D700978E9F /* LRBookshelfViewController.swift */ = {isa = PBXFileReference; lastKnownFileType = sourcecode.swift; path = LRBookshelfViewController.swift; sourceTree = "<group>"; };
		439CC2C62366CB0E00978E9F /* UIKit+Extension.swift */ = {isa = PBXFileReference; fileEncoding = 4; lastKnownFileType = sourcecode.swift; path = "UIKit+Extension.swift"; sourceTree = "<group>"; };
/* End PBXFileReference section */

/* Begin PBXFrameworksBuildPhase section */
		439CC1D123669ED100978E9F /* Frameworks */ = {
			isa = PBXFrameworksBuildPhase;
			buildActionMask = 2147483647;
			files = (
			);
			runOnlyForDeploymentPostprocessing = 0;
		};
/* End PBXFrameworksBuildPhase section */

/* Begin PBXGroup section */
		430A3D05236B1A0100E9615D /* 金瓶梅 */ = {
			isa = PBXGroup;
			children = (
				430A3D06236B1A0100E9615D /* 29.txt */,
				430A3D07236B1A0100E9615D /* 15.txt */,
				430A3D08236B1A0100E9615D /* 01.txt */,
				430A3D09236B1A0100E9615D /* 100.txt */,
				430A3D0A236B1A0100E9615D /* 101.txt */,
				430A3D0B236B1A0100E9615D /* 14.txt */,
				430A3D0C236B1A0100E9615D /* 28.txt */,
				430A3D0D236B1A0100E9615D /* 02.txt */,
				430A3D0E236B1A0100E9615D /* 16.txt */,
				430A3D0F236B1A0100E9615D /* 17.txt */,
				430A3D10236B1A0100E9615D /* 03.txt */,
				430A3D11236B1A0100E9615D /* 07.txt */,
				430A3D12236B1A0100E9615D /* 13.txt */,
				430A3D13236B1A0100E9615D /* 12.txt */,
				430A3D14236B1A0100E9615D /* 06.txt */,
				430A3D15236B1A0100E9615D /* 10.txt */,
				430A3D16236B1A0100E9615D /* 04.txt */,
				430A3D17236B1A0100E9615D /* 38.txt */,
				430A3D18236B1A0100E9615D /* 39.txt */,
				430A3D19236B1A0100E9615D /* 05.txt */,
				430A3D1A236B1A0100E9615D /* 11.txt */,
				430A3D1B236B1A0100E9615D /* 76.txt */,
				430A3D1C236B1A0100E9615D /* 62.txt */,
				430A3D1D236B1A0100E9615D /* 89.txt */,
				430A3D1E236B1A0100E9615D /* 88.txt */,
				430A3D1F236B1A0100E9615D /* 63.txt */,
				430A3D20236B1A0100E9615D /* 77.txt */,
				430A3D21236B1A0100E9615D /* 49.txt */,
				430A3D22236B1A0100E9615D /* 61.txt */,
				430A3D23236B1A0100E9615D /* 75.txt */,
				430A3D24236B1A0100E9615D /* 74.txt */,
				430A3D25236B1A0100E9615D /* 60.txt */,
				430A3D26236B1A0100E9615D /* 48.txt */,
				430A3D27236B1A0100E9615D /* 64.txt */,
				430A3D28236B1A0100E9615D /* 70.txt */,
				430A3D29236B1A0100E9615D /* 58.txt */,
				430A3D2A236B1A0100E9615D /* 59.txt */,
				430A3D2B236B1A0100E9615D /* 71.txt */,
				430A3D2C236B1A0100E9615D /* 65.txt */,
				430A3D2D236B1A0100E9615D /* 73.txt */,
				430A3D2E236B1A0100E9615D /* 67.txt */,
				430A3D2F236B1A0100E9615D /* 98.txt */,
				430A3D30236B1A0100E9615D /* 99.txt */,
				430A3D31236B1A0100E9615D /* 66.txt */,
				430A3D32236B1A0100E9615D /* 72.txt */,
				430A3D33236B1A0100E9615D /* 57.txt */,
				430A3D34236B1A0100E9615D /* 43.txt */,
				430A3D35236B1A0100E9615D /* 94.txt */,
				430A3D36236B1A0100E9615D /* 80.txt */,
				430A3D37236B1A0100E9615D /* 81.txt */,
				430A3D38236B1A0100E9615D /* 95.txt */,
				430A3D39236B1A0100E9615D /* 42.txt */,
				430A3D3A236B1A0100E9615D /* 56.txt */,
				430A3D3B236B1A0100E9615D /* 68.txt */,
				430A3D3C236B1A0100E9615D /* 40.txt */,
				430A3D3D236B1A0100E9615D /* 54.txt */,
				430A3D3E236B1A0100E9615D /* 83.txt */,
				430A3D3F236B1A0100E9615D /* 97.txt */,
				430A3D40236B1A0100E9615D /* 96.txt */,
				430A3D41236B1A0100E9615D /* 82.txt */,
				430A3D42236B1A0100E9615D /* 55.txt */,
				430A3D43236B1A0100E9615D /* 41.txt */,
				430A3D44236B1A0100E9615D /* 69.txt */,
				430A3D45236B1A0100E9615D /* 45.txt */,
				430A3D46236B1A0100E9615D /* 51.txt */,
				430A3D47236B1A0100E9615D /* 79.txt */,
				430A3D48236B1A0100E9615D /* 86.txt */,
				430A3D49236B1A0100E9615D /* 92.txt */,
				430A3D4A236B1A0100E9615D /* 93.txt */,
				430A3D4B236B1A0100E9615D /* 87.txt */,
				430A3D4C236B1A0100E9615D /* 78.txt */,
				430A3D4D236B1A0100E9615D /* 50.txt */,
				430A3D4E236B1A0100E9615D /* 44.txt */,
				430A3D4F236B1A0100E9615D /* 52.txt */,
				430A3D50236B1A0100E9615D /* 46.txt */,
				430A3D51236B1A0100E9615D /* 91.txt */,
				430A3D52236B1A0100E9615D /* 85.txt */,
				430A3D53236B1A0100E9615D /* 84.txt */,
				430A3D54236B1A0100E9615D /* 90.txt */,
				430A3D55236B1A0100E9615D /* 47.txt */,
				430A3D56236B1A0100E9615D /* 53.txt */,
				430A3D57236B1A0100E9615D /* 08.txt */,
				430A3D58236B1A0100E9615D /* 34.txt */,
				430A3D59236B1A0100E9615D /* 20.txt */,
				430A3D5A236B1A0100E9615D /* 21.txt */,
				430A3D5B236B1A0100E9615D /* 35.txt */,
				430A3D5C236B1A0100E9615D /* 09.txt */,
				430A3D5D236B1A0100E9615D /* 23.txt */,
				430A3D5E236B1A0100E9615D /* 37.txt */,
				430A3D5F236B1A0100E9615D /* 36.txt */,
				430A3D60236B1A0100E9615D /* 22.txt */,
				430A3D61236B1A0100E9615D /* 26.txt */,
				430A3D62236B1A0100E9615D /* 32.txt */,
				430A3D63236B1A0100E9615D /* 33.txt */,
				430A3D64236B1A0100E9615D /* 27.txt */,
				430A3D65236B1A0100E9615D /* 31.txt */,
				430A3D66236B1A0100E9615D /* 25.txt */,
				430A3D67236B1A0100E9615D /* 19.txt */,
				430A3D68236B1A0100E9615D /* 18.txt */,
				430A3D69236B1A0100E9615D /* 24.txt */,
				430A3D6A236B1A0100E9615D /* 30.txt */,
			);
			path = "金瓶梅";
			sourceTree = "<group>";
		};
		438563662369BFAC007D055D /* Model */ = {
			isa = PBXGroup;
			children = (
				430A3D05236B1A0100E9615D /* 金瓶梅 */,
				438563672369BFD9007D055D /* LRPageModel.swift */,
			);
			path = Model;
			sourceTree = "<group>";
		};
		439CC1CB23669ED100978E9F = {
			isa = PBXGroup;
			children = (
				439CC1D623669ED100978E9F /* LocationReader */,
				439CC1D523669ED100978E9F /* Products */,
			);
			sourceTree = "<group>";
		};
		439CC1D523669ED100978E9F /* Products */ = {
			isa = PBXGroup;
			children = (
				439CC1D423669ED100978E9F /* LocationReader.app */,
			);
			name = Products;
			sourceTree = "<group>";
		};
		439CC1D623669ED100978E9F /* LocationReader */ = {
			isa = PBXGroup;
			children = (
				438563662369BFAC007D055D /* Model */,
				439CC2C32366C9A000978E9F /* VC */,
				439CC2C02366BCFC00978E9F /* View */,
				439CC1EB2366A3C900978E9F /* 水浒传.txt */,
				439CC2BC2366AE0100978E9F /* 01.txt */,
				439CC1D723669ED100978E9F /* AppDelegate.swift */,
				4385636323682507007D055D /* Const.swift */,
				439CC2C62366CB0E00978E9F /* UIKit+Extension.swift */,
				439CC1D923669ED100978E9F /* SceneDelegate.swift */,
				439CC1DD23669ED100978E9F /* Main.storyboard */,
				439CC1E023669ED500978E9F /* Assets.xcassets */,
				439CC1E223669ED500978E9F /* LaunchScreen.storyboard */,
				439CC1E523669ED500978E9F /* Info.plist */,
			);
			path = LocationReader;
			sourceTree = "<group>";
		};
		439CC2C02366BCFC00978E9F /* View */ = {
			isa = PBXGroup;
			children = (
				439CC2BE2366BCF300978E9F /* LRTimeLabel.swift */,
				439CC2C12366C43500978E9F /* Miso(1347)0032.jpg */,
			);
			path = View;
			sourceTree = "<group>";
		};
		439CC2C32366C9A000978E9F /* VC */ = {
			isa = PBXGroup;
			children = (
				439CC2C42366C9D700978E9F /* LRBookshelfViewController.swift */,
				439CC1DB23669ED100978E9F /* LRBooKViewController.swift */,
				4385636123672B01007D055D /* LRPageViewController.swift */,
			);
			path = VC;
			sourceTree = "<group>";
		};
/* End PBXGroup section */

/* Begin PBXNativeTarget section */
		439CC1D323669ED100978E9F /* LocationReader */ = {
			isa = PBXNativeTarget;
			buildConfigurationList = 439CC1E823669ED500978E9F /* Build configuration list for PBXNativeTarget "LocationReader" */;
			buildPhases = (
				439CC1D023669ED100978E9F /* Sources */,
				439CC1D123669ED100978E9F /* Frameworks */,
				439CC1D223669ED100978E9F /* Resources */,
			);
			buildRules = (
			);
			dependencies = (
			);
			name = LocationReader;
			productName = LocationReader;
			productReference = 439CC1D423669ED100978E9F /* LocationReader.app */;
			productType = "com.apple.product-type.application";
		};
/* End PBXNativeTarget section */

/* Begin PBXProject section */
		439CC1CC23669ED100978E9F /* Project object */ = {
			isa = PBXProject;
			attributes = {
				CLASSPREFIX = LR;
				LastSwiftUpdateCheck = 1110;
				LastUpgradeCheck = 1110;
				ORGANIZATIONNAME = "罗超";
				TargetAttributes = {
					439CC1D323669ED100978E9F = {
						CreatedOnToolsVersion = 11.1;
					};
				};
			};
			buildConfigurationList = 439CC1CF23669ED100978E9F /* Build configuration list for PBXProject "LocationReader" */;
			compatibilityVersion = "Xcode 9.3";
			developmentRegion = en;
			hasScannedForEncodings = 0;
			knownRegions = (
				en,
				Base,
			);
			mainGroup = 439CC1CB23669ED100978E9F;
			productRefGroup = 439CC1D523669ED100978E9F /* Products */;
			projectDirPath = "";
			projectRoot = "";
			targets = (
				439CC1D323669ED100978E9F /* LocationReader */,
			);
		};
/* End PBXProject section */

/* Begin PBXResourcesBuildPhase section */
		439CC1D223669ED100978E9F /* Resources */ = {
			isa = PBXResourcesBuildPhase;
			buildActionMask = 2147483647;
			files = (
				430A3DC6236B1A0100E9615D /* 26.txt in Resources */,
				430A3DA5236B1A0100E9615D /* 96.txt in Resources */,
				430A3D9B236B1A0100E9615D /* 80.txt in Resources */,
				430A3D98236B1A0100E9615D /* 57.txt in Resources */,
				430A3D96236B1A0100E9615D /* 66.txt in Resources */,
				430A3DAC236B1A0100E9615D /* 79.txt in Resources */,
				430A3D89236B1A0100E9615D /* 74.txt in Resources */,
				430A3DA4236B1A0100E9615D /* 97.txt in Resources */,
				430A3DCA236B1A0100E9615D /* 31.txt in Resources */,
				430A3DB3236B1A0100E9615D /* 44.txt in Resources */,
				430A3D72236B1A0100E9615D /* 02.txt in Resources */,
				430A3D93236B1A0100E9615D /* 67.txt in Resources */,
				430A3D71236B1A0100E9615D /* 28.txt in Resources */,
				430A3DBA236B1A0100E9615D /* 47.txt in Resources */,
				430A3DB1236B1A0100E9615D /* 78.txt in Resources */,
				430A3DA9236B1A0100E9615D /* 69.txt in Resources */,
				439CC2BD2366AE0100978E9F /* 01.txt in Resources */,
				430A3D8A236B1A0100E9615D /* 60.txt in Resources */,
				430A3DAE236B1A0100E9615D /* 92.txt in Resources */,
				439CC1E423669ED500978E9F /* LaunchScreen.storyboard in Resources */,
				430A3DA0236B1A0100E9615D /* 68.txt in Resources */,
				430A3D6E236B1A0100E9615D /* 100.txt in Resources */,
				430A3DBE236B1A0100E9615D /* 20.txt in Resources */,
				430A3DAA236B1A0100E9615D /* 45.txt in Resources */,
				430A3D99236B1A0100E9615D /* 43.txt in Resources */,
				430A3D8D236B1A0100E9615D /* 70.txt in Resources */,
				430A3D82236B1A0100E9615D /* 89.txt in Resources */,
				430A3DBD236B1A0100E9615D /* 34.txt in Resources */,
				430A3D7D236B1A0100E9615D /* 39.txt in Resources */,
				430A3D92236B1A0100E9615D /* 73.txt in Resources */,
				430A3D76236B1A0100E9615D /* 07.txt in Resources */,
				430A3D88236B1A0100E9615D /* 75.txt in Resources */,
				430A3DBC236B1A0100E9615D /* 08.txt in Resources */,
				430A3D9A236B1A0100E9615D /* 94.txt in Resources */,
				430A3DB8236B1A0100E9615D /* 84.txt in Resources */,
				430A3D81236B1A0100E9615D /* 62.txt in Resources */,
				430A3DB0236B1A0100E9615D /* 87.txt in Resources */,
				430A3D6D236B1A0100E9615D /* 01.txt in Resources */,
				430A3D7C236B1A0100E9615D /* 38.txt in Resources */,
				430A3D80236B1A0100E9615D /* 76.txt in Resources */,
				430A3DBB236B1A0100E9615D /* 53.txt in Resources */,
				430A3DB7236B1A0100E9615D /* 85.txt in Resources */,
				430A3DC3236B1A0100E9615D /* 37.txt in Resources */,
				430A3DC0236B1A0100E9615D /* 35.txt in Resources */,
				430A3D7A236B1A0100E9615D /* 10.txt in Resources */,
				430A3D6C236B1A0100E9615D /* 15.txt in Resources */,
				439CC1E123669ED500978E9F /* Assets.xcassets in Resources */,
				430A3D79236B1A0100E9615D /* 06.txt in Resources */,
				430A3D90236B1A0100E9615D /* 71.txt in Resources */,
				430A3D7E236B1A0100E9615D /* 05.txt in Resources */,
				430A3D77236B1A0100E9615D /* 13.txt in Resources */,
				430A3D7B236B1A0100E9615D /* 04.txt in Resources */,
				430A3DC5236B1A0100E9615D /* 22.txt in Resources */,
				430A3D9D236B1A0100E9615D /* 95.txt in Resources */,
				430A3DB6236B1A0100E9615D /* 91.txt in Resources */,
				439CC1DF23669ED100978E9F /* Main.storyboard in Resources */,
				430A3D83236B1A0100E9615D /* 88.txt in Resources */,
				430A3D86236B1A0100E9615D /* 49.txt in Resources */,
				430A3DCF236B1A0100E9615D /* 30.txt in Resources */,
				439CC2C22366C43500978E9F /* Miso(1347)0032.jpg in Resources */,
				430A3DC2236B1A0100E9615D /* 23.txt in Resources */,
				430A3DAB236B1A0100E9615D /* 51.txt in Resources */,
				430A3D8B236B1A0100E9615D /* 48.txt in Resources */,
				430A3DAF236B1A0100E9615D /* 93.txt in Resources */,
				430A3D73236B1A0100E9615D /* 16.txt in Resources */,
				430A3D9C236B1A0100E9615D /* 81.txt in Resources */,
				430A3DCD236B1A0100E9615D /* 18.txt in Resources */,
				430A3D9F236B1A0100E9615D /* 56.txt in Resources */,
				430A3D6B236B1A0100E9615D /* 29.txt in Resources */,
				430A3D95236B1A0100E9615D /* 99.txt in Resources */,
				430A3D97236B1A0100E9615D /* 72.txt in Resources */,
				430A3D87236B1A0100E9615D /* 61.txt in Resources */,
				430A3D8C236B1A0100E9615D /* 64.txt in Resources */,
				430A3D85236B1A0100E9615D /* 77.txt in Resources */,
				430A3DB5236B1A0100E9615D /* 46.txt in Resources */,
				430A3D8F236B1A0100E9615D /* 59.txt in Resources */,
				430A3DC1236B1A0100E9615D /* 09.txt in Resources */,
				430A3D9E236B1A0100E9615D /* 42.txt in Resources */,
				430A3D94236B1A0100E9615D /* 98.txt in Resources */,
				430A3DC7236B1A0100E9615D /* 32.txt in Resources */,
				430A3DCC236B1A0100E9615D /* 19.txt in Resources */,
				430A3D8E236B1A0100E9615D /* 58.txt in Resources */,
				430A3DA2236B1A0100E9615D /* 54.txt in Resources */,
				430A3D74236B1A0100E9615D /* 17.txt in Resources */,
				430A3D78236B1A0100E9615D /* 12.txt in Resources */,
				430A3D75236B1A0100E9615D /* 03.txt in Resources */,
				430A3DB2236B1A0100E9615D /* 50.txt in Resources */,
				430A3D70236B1A0100E9615D /* 14.txt in Resources */,
				430A3D91236B1A0100E9615D /* 65.txt in Resources */,
				430A3DBF236B1A0100E9615D /* 21.txt in Resources */,
				430A3D7F236B1A0100E9615D /* 11.txt in Resources */,
				430A3DA6236B1A0100E9615D /* 82.txt in Resources */,
				430A3DB9236B1A0100E9615D /* 90.txt in Resources */,
				430A3D84236B1A0100E9615D /* 63.txt in Resources */,
				430A3DCB236B1A0100E9615D /* 25.txt in Resources */,
				430A3DC8236B1A0100E9615D /* 33.txt in Resources */,
				430A3DA3236B1A0100E9615D /* 83.txt in Resources */,
				439CC1EC2366A3C900978E9F /* 水浒传.txt in Resources */,
				430A3DA1236B1A0100E9615D /* 40.txt in Resources */,
				430A3DB4236B1A0100E9615D /* 52.txt in Resources */,
				430A3DA8236B1A0100E9615D /* 41.txt in Resources */,
				430A3D6F236B1A0100E9615D /* 101.txt in Resources */,
				430A3DC4236B1A0100E9615D /* 36.txt in Resources */,
				430A3DCE236B1A0100E9615D /* 24.txt in Resources */,
				430A3DC9236B1A0100E9615D /* 27.txt in Resources */,
				430A3DA7236B1A0100E9615D /* 55.txt in Resources */,
				430A3DAD236B1A0100E9615D /* 86.txt in Resources */,
			);
			runOnlyForDeploymentPostprocessing = 0;
		};
/* End PBXResourcesBuildPhase section */

/* Begin PBXSourcesBuildPhase section */
		439CC1D023669ED100978E9F /* Sources */ = {
			isa = PBXSourcesBuildPhase;
			buildActionMask = 2147483647;
			files = (
				439CC1DC23669ED100978E9F /* LRBooKViewController.swift in Sources */,
				438563682369BFD9007D055D /* LRPageModel.swift in Sources */,
				439CC2BF2366BCF300978E9F /* LRTimeLabel.swift in Sources */,
				439CC1D823669ED100978E9F /* AppDelegate.swift in Sources */,
				439CC1DA23669ED100978E9F /* SceneDelegate.swift in Sources */,
				4385636223672B01007D055D /* LRPageViewController.swift in Sources */,
				4385636423682507007D055D /* Const.swift in Sources */,
				439CC2C72366CB0E00978E9F /* UIKit+Extension.swift in Sources */,
				439CC2C52366C9D700978E9F /* LRBookshelfViewController.swift in Sources */,
			);
			runOnlyForDeploymentPostprocessing = 0;
		};
/* End PBXSourcesBuildPhase section */

/* Begin PBXVariantGroup section */
		439CC1DD23669ED100978E9F /* Main.storyboard */ = {
			isa = PBXVariantGroup;
			children = (
				439CC1DE23669ED100978E9F /* Base */,
			);
			name = Main.storyboard;
			sourceTree = "<group>";
		};
		439CC1E223669ED500978E9F /* LaunchScreen.storyboard */ = {
			isa = PBXVariantGroup;
			children = (
				439CC1E323669ED500978E9F /* Base */,
			);
			name = LaunchScreen.storyboard;
			sourceTree = "<group>";
		};
/* End PBXVariantGroup section */

/* Begin XCBuildConfiguration section */
		439CC1E623669ED500978E9F /* Debug */ = {
			isa = XCBuildConfiguration;
			buildSettings = {
				ALWAYS_SEARCH_USER_PATHS = NO;
				CLANG_ANALYZER_NONNULL = YES;
				CLANG_ANALYZER_NUMBER_OBJECT_CONVERSION = YES_AGGRESSIVE;
				CLANG_CXX_LANGUAGE_STANDARD = "gnu++14";
				CLANG_CXX_LIBRARY = "libc++";
				CLANG_ENABLE_MODULES = YES;
				CLANG_ENABLE_OBJC_ARC = YES;
				CLANG_ENABLE_OBJC_WEAK = YES;
				CLANG_WARN_BLOCK_CAPTURE_AUTORELEASING = YES;
				CLANG_WARN_BOOL_CONVERSION = YES;
				CLANG_WARN_COMMA = YES;
				CLANG_WARN_CONSTANT_CONVERSION = YES;
				CLANG_WARN_DEPRECATED_OBJC_IMPLEMENTATIONS = YES;
				CLANG_WARN_DIRECT_OBJC_ISA_USAGE = YES_ERROR;
				CLANG_WARN_DOCUMENTATION_COMMENTS = YES;
				CLANG_WARN_EMPTY_BODY = YES;
				CLANG_WARN_ENUM_CONVERSION = YES;
				CLANG_WARN_INFINITE_RECURSION = YES;
				CLANG_WARN_INT_CONVERSION = YES;
				CLANG_WARN_NON_LITERAL_NULL_CONVERSION = YES;
				CLANG_WARN_OBJC_IMPLICIT_RETAIN_SELF = YES;
				CLANG_WARN_OBJC_LITERAL_CONVERSION = YES;
				CLANG_WARN_OBJC_ROOT_CLASS = YES_ERROR;
				CLANG_WARN_RANGE_LOOP_ANALYSIS = YES;
				CLANG_WARN_STRICT_PROTOTYPES = YES;
				CLANG_WARN_SUSPICIOUS_MOVE = YES;
				CLANG_WARN_UNGUARDED_AVAILABILITY = YES_AGGRESSIVE;
				CLANG_WARN_UNREACHABLE_CODE = YES;
				CLANG_WARN__DUPLICATE_METHOD_MATCH = YES;
				COPY_PHASE_STRIP = NO;
				DEBUG_INFORMATION_FORMAT = dwarf;
				ENABLE_STRICT_OBJC_MSGSEND = YES;
				ENABLE_TESTABILITY = YES;
				GCC_C_LANGUAGE_STANDARD = gnu11;
				GCC_DYNAMIC_NO_PIC = NO;
				GCC_NO_COMMON_BLOCKS = YES;
				GCC_OPTIMIZATION_LEVEL = 0;
				GCC_PREPROCESSOR_DEFINITIONS = (
					"DEBUG=1",
					"$(inherited)",
				);
				GCC_WARN_64_TO_32_BIT_CONVERSION = YES;
				GCC_WARN_ABOUT_RETURN_TYPE = YES_ERROR;
				GCC_WARN_UNDECLARED_SELECTOR = YES;
				GCC_WARN_UNINITIALIZED_AUTOS = YES_AGGRESSIVE;
				GCC_WARN_UNUSED_FUNCTION = YES;
				GCC_WARN_UNUSED_VARIABLE = YES;
				IPHONEOS_DEPLOYMENT_TARGET = 13.1;
				MTL_ENABLE_DEBUG_INFO = INCLUDE_SOURCE;
				MTL_FAST_MATH = YES;
				ONLY_ACTIVE_ARCH = YES;
				SDKROOT = iphoneos;
				SWIFT_ACTIVE_COMPILATION_CONDITIONS = DEBUG;
				SWIFT_OPTIMIZATION_LEVEL = "-Onone";
			};
			name = Debug;
		};
		439CC1E723669ED500978E9F /* Release */ = {
			isa = XCBuildConfiguration;
			buildSettings = {
				ALWAYS_SEARCH_USER_PATHS = NO;
				CLANG_ANALYZER_NONNULL = YES;
				CLANG_ANALYZER_NUMBER_OBJECT_CONVERSION = YES_AGGRESSIVE;
				CLANG_CXX_LANGUAGE_STANDARD = "gnu++14";
				CLANG_CXX_LIBRARY = "libc++";
				CLANG_ENABLE_MODULES = YES;
				CLANG_ENABLE_OBJC_ARC = YES;
				CLANG_ENABLE_OBJC_WEAK = YES;
				CLANG_WARN_BLOCK_CAPTURE_AUTORELEASING = YES;
				CLANG_WARN_BOOL_CONVERSION = YES;
				CLANG_WARN_COMMA = YES;
				CLANG_WARN_CONSTANT_CONVERSION = YES;
				CLANG_WARN_DEPRECATED_OBJC_IMPLEMENTATIONS = YES;
				CLANG_WARN_DIRECT_OBJC_ISA_USAGE = YES_ERROR;
				CLANG_WARN_DOCUMENTATION_COMMENTS = YES;
				CLANG_WARN_EMPTY_BODY = YES;
				CLANG_WARN_ENUM_CONVERSION = YES;
				CLANG_WARN_INFINITE_RECURSION = YES;
				CLANG_WARN_INT_CONVERSION = YES;
				CLANG_WARN_NON_LITERAL_NULL_CONVERSION = YES;
				CLANG_WARN_OBJC_IMPLICIT_RETAIN_SELF = YES;
				CLANG_WARN_OBJC_LITERAL_CONVERSION = YES;
				CLANG_WARN_OBJC_ROOT_CLASS = YES_ERROR;
				CLANG_WARN_RANGE_LOOP_ANALYSIS = YES;
				CLANG_WARN_STRICT_PROTOTYPES = YES;
				CLANG_WARN_SUSPICIOUS_MOVE = YES;
				CLANG_WARN_UNGUARDED_AVAILABILITY = YES_AGGRESSIVE;
				CLANG_WARN_UNREACHABLE_CODE = YES;
				CLANG_WARN__DUPLICATE_METHOD_MATCH = YES;
				COPY_PHASE_STRIP = NO;
				DEBUG_INFORMATION_FORMAT = "dwarf-with-dsym";
				ENABLE_NS_ASSERTIONS = NO;
				ENABLE_STRICT_OBJC_MSGSEND = YES;
				GCC_C_LANGUAGE_STANDARD = gnu11;
				GCC_NO_COMMON_BLOCKS = YES;
				GCC_WARN_64_TO_32_BIT_CONVERSION = YES;
				GCC_WARN_ABOUT_RETURN_TYPE = YES_ERROR;
				GCC_WARN_UNDECLARED_SELECTOR = YES;
				GCC_WARN_UNINITIALIZED_AUTOS = YES_AGGRESSIVE;
				GCC_WARN_UNUSED_FUNCTION = YES;
				GCC_WARN_UNUSED_VARIABLE = YES;
				IPHONEOS_DEPLOYMENT_TARGET = 13.1;
				MTL_ENABLE_DEBUG_INFO = NO;
				MTL_FAST_MATH = YES;
				SDKROOT = iphoneos;
				SWIFT_COMPILATION_MODE = wholemodule;
				SWIFT_OPTIMIZATION_LEVEL = "-O";
				VALIDATE_PRODUCT = YES;
			};
			name = Release;
		};
		439CC1E923669ED500978E9F /* Debug */ = {
			isa = XCBuildConfiguration;
			buildSettings = {
				ASSETCATALOG_COMPILER_APPICON_NAME = AppIcon;
				CODE_SIGN_STYLE = Automatic;
				DEVELOPMENT_TEAM = WCN73JC9RP;
				INFOPLIST_FILE = LocationReader/Info.plist;
				LD_RUNPATH_SEARCH_PATHS = (
					"$(inherited)",
					"@executable_path/Frameworks",
				);
				PRODUCT_BUNDLE_IDENTIFIER = lc.LocationReader;
				PRODUCT_NAME = "$(TARGET_NAME)";
				SWIFT_VERSION = 5.0;
				TARGETED_DEVICE_FAMILY = "1,2";
			};
			name = Debug;
		};
		439CC1EA23669ED500978E9F /* Release */ = {
			isa = XCBuildConfiguration;
			buildSettings = {
				ASSETCATALOG_COMPILER_APPICON_NAME = AppIcon;
				CODE_SIGN_STYLE = Automatic;
				DEVELOPMENT_TEAM = WCN73JC9RP;
				INFOPLIST_FILE = LocationReader/Info.plist;
				LD_RUNPATH_SEARCH_PATHS = (
					"$(inherited)",
					"@executable_path/Frameworks",
				);
				PRODUCT_BUNDLE_IDENTIFIER = lc.LocationReader;
				PRODUCT_NAME = "$(TARGET_NAME)";
				SWIFT_VERSION = 5.0;
				TARGETED_DEVICE_FAMILY = "1,2";
			};
			name = Release;
		};
/* End XCBuildConfiguration section */

/* Begin XCConfigurationList section */
		439CC1CF23669ED100978E9F /* Build configuration list for PBXProject "LocationReader" */ = {
			isa = XCConfigurationList;
			buildConfigurations = (
				439CC1E623669ED500978E9F /* Debug */,
				439CC1E723669ED500978E9F /* Release */,
			);
			defaultConfigurationIsVisible = 0;
			defaultConfigurationName = Release;
		};
		439CC1E823669ED500978E9F /* Build configuration list for PBXNativeTarget "LocationReader" */ = {
			isa = XCConfigurationList;
			buildConfigurations = (
				439CC1E923669ED500978E9F /* Debug */,
				439CC1EA23669ED500978E9F /* Release */,
			);
			defaultConfigurationIsVisible = 0;
			defaultConfigurationName = Release;
		};
/* End XCConfigurationList section */
	};
	rootObject = 439CC1CC23669ED100978E9F /* Project object */;
}
