// !$*UTF8*$!
{
	archiveVersion = 1;
	classes = {
	};
	objectVersion = 50;
	objects = {

/* Begin PBXBuildFile section */
		4385636223672B01007D055D /* LRPageViewController.swift in Sources */ = {isa = PBXBuildFile; fileRef = 4385636123672B01007D055D /* LRPageViewController.swift */; };
		4385636423682507007D055D /* Const.swift in Sources */ = {isa = PBXBuildFile; fileRef = 4385636323682507007D055D /* Const.swift */; };
		438563682369BFD9007D055D /* LRPageModel.swift in Sources */ = {isa = PBXBuildFile; fileRef = 438563672369BFD9007D055D /* LRPageModel.swift */; };
		439CC1D823669ED100978E9F /* AppDelegate.swift in Sources */ = {isa = PBXBuildFile; fileRef = 439CC1D723669ED100978E9F /* AppDelegate.swift */; };
		439CC1DA23669ED100978E9F /* SceneDelegate.swift in Sources */ = {isa = PBXBuildFile; fileRef = 439CC1D923669ED100978E9F /* SceneDelegate.swift */; };
		439CC1DC23669ED100978E9F /* LRBooKViewController.swift in Sources */ = {isa = PBXBuildFile; fileRef = 439CC1DB23669ED100978E9F /* LRBooKViewController.swift */; };
		439CC1DF23669ED100978E9F /* Main.storyboard in Resources */ = {isa = PBXBuildFile; fileRef = 439CC1DD23669ED100978E9F /* Main.storyboard */; };
		439CC1E123669ED500978E9F /* Assets.xcassets in Resources */ = {isa = PBXBuildFile; fileRef = 439CC1E023669ED500978E9F /* Assets.xcassets */; };
		439CC1E423669ED500978E9F /* LaunchScreen.storyboard in Resources */ = {isa = PBXBuildFile; fileRef = 439CC1E223669ED500978E9F /* LaunchScreen.storyboard */; };
		439CC1EC2366A3C900978E9F /* 水浒传.txt in Resources */ = {isa = PBXBuildFile; fileRef = 439CC1EB2366A3C900978E9F /* 水浒传.txt */; };
		439CC2BD2366AE0100978E9F /* 01.txt in Resources */ = {isa = PBXBuildFile; fileRef = 439CC2BC2366AE0100978E9F /* 01.txt */; };
		439CC2BF2366BCF300978E9F /* LRTimeLabel.swift in Sources */ = {isa = PBXBuildFile; fileRef = 439CC2BE2366BCF300978E9F /* LRTimeLabel.swift */; };
		439CC2C22366C43500978E9F /* Miso(1347)0032.jpg in Resources */ = {isa = PBXBuildFile; fileRef = 439CC2C12366C43500978E9F /* Miso(1347)0032.jpg */; };
		439CC2C52366C9D700978E9F /* LRBookshelfViewController.swift in Sources */ = {isa = PBXBuildFile; fileRef = 439CC2C42366C9D700978E9F /* LRBookshelfViewController.swift */; };
		439CC2C72366CB0E00978E9F /* UIKit+Extension.swift in Sources */ = {isa = PBXBuildFile; fileRef = 439CC2C62366CB0E00978E9F /* UIKit+Extension.swift */; };
/* End PBXBuildFile section */

/* Begin PBXFileReference section */
		4385636123672B01007D055D /* LRPageViewController.swift */ = {isa = PBXFileReference; lastKnownFileType = sourcecode.swift; path = LRPageViewController.swift; sourceTree = "<group>"; };
		4385636323682507007D055D /* Const.swift */ = {isa = PBXFileReference; fileEncoding = 4; lastKnownFileType = sourcecode.swift; path = Const.swift; sourceTree = "<group>"; };
		438563672369BFD9007D055D /* LRPageModel.swift */ = {isa = PBXFileReference; lastKnownFileType = sourcecode.swift; path = LRPageModel.swift; sourceTree = "<group>"; };
		439CC1D423669ED100978E9F /* LocationReader.app */ = {isa = PBXFileReference; explicitFileType = wrapper.application; includeInIndex = 0; path = LocationReader.app; sourceTree = BUILT_PRODUCTS_DIR; };
		439CC1D723669ED100978E9F /* AppDelegate.swift */ = {isa = PBXFileReference; lastKnownFileType = sourcecode.swift; path = AppDelegate.swift; sourceTree = "<group>"; };
		439CC1D923669ED100978E9F /* SceneDelegate.swift */ = {isa = PBXFileReference; lastKnownFileType = sourcecode.swift; path = SceneDelegate.swift; sourceTree = "<group>"; };
		439CC1DB23669ED100978E9F /* LRBooKViewController.swift */ = {isa = PBXFileReference; lastKnownFileType = sourcecode.swift; path = LRBooKViewController.swift; sourceTree = "<group>"; };
		439CC1DE23669ED100978E9F /* Base */ = {isa = PBXFileReference; lastKnownFileType = file.storyboard; name = Base; path = Base.lproj/Main.storyboard; sourceTree = "<group>"; };
		439CC1E023669ED500978E9F /* Assets.xcassets */ = {isa = PBXFileReference; lastKnownFileType = folder.assetcatalog; path = Assets.xcassets; sourceTree = "<group>"; };
		439CC1E323669ED500978E9F /* Base */ = {isa = PBXFileReference; lastKnownFileType = file.storyboard; name = Base; path = Base.lproj/LaunchScreen.storyboard; sourceTree = "<group>"; };
		439CC1E523669ED500978E9F /* Info.plist */ = {isa = PBXFileReference; lastKnownFileType = text.plist.xml; path = Info.plist; sourceTree = "<group>"; };
		439CC1EB2366A3C900978E9F /* 水浒传.txt */ = {isa = PBXFileReference; fileEncoding = 4; lastKnownFileType = text; path = "水浒传.txt"; sourceTree = "<group>"; };
		439CC2BC2366AE0100978E9F /* 01.txt */ = {isa = PBXFileReference; fileEncoding = 4; lastKnownFileType = text; path = 01.txt; sourceTree = "<group>"; };
		439CC2BE2366BCF300978E9F /* LRTimeLabel.swift */ = {isa = PBXFileReference; lastKnownFileType = sourcecode.swift; path = LRTimeLabel.swift; sourceTree = "<group>"; };
		439CC2C12366C43500978E9F /* Miso(1347)0032.jpg */ = {isa = PBXFileReference; lastKnownFileType = image.jpeg; path = "Miso(1347)0032.jpg"; sourceTree = "<group>"; };
		439CC2C42366C9D700978E9F /* LRBookshelfViewController.swift */ = {isa = PBXFileReference; lastKnownFileType = sourcecode.swift; path = LRBookshelfViewController.swift; sourceTree = "<group>"; };
		439CC2C62366CB0E00978E9F /* UIKit+Extension.swift */ = {isa = PBXFileReference; fileEncoding = 4; lastKnownFileType = sourcecode.swift; path = "UIKit+Extension.swift"; sourceTree = "<group>"; };
/* End PBXFileReference section */

/* Begin PBXFrameworksBuildPhase section */
		439CC1D123669ED100978E9F /* Frameworks */ = {
			isa = PBXFrameworksBuildPhase;
			buildActionMask = 2147483647;
			files = (
			);
			runOnlyForDeploymentPostprocessing = 0;
		};
/* End PBXFrameworksBuildPhase section */

/* Begin PBXGroup section */
		438563662369BFAC007D055D /* Model */ = {
			isa = PBXGroup;
			children = (
				438563672369BFD9007D055D /* LRPageModel.swift */,
			);
			path = Model;
			sourceTree = "<group>";
		};
		439CC1CB23669ED100978E9F = {
			isa = PBXGroup;
			children = (
				439CC1D623669ED100978E9F /* LocationReader */,
				439CC1D523669ED100978E9F /* Products */,
			);
			sourceTree = "<group>";
		};
		439CC1D523669ED100978E9F /* Products */ = {
			isa = PBXGroup;
			children = (
				439CC1D423669ED100978E9F /* LocationReader.app */,
			);
			name = Products;
			sourceTree = "<group>";
		};
		439CC1D623669ED100978E9F /* LocationReader */ = {
			isa = PBXGroup;
			children = (
				438563662369BFAC007D055D /* Model */,
				439CC2C32366C9A000978E9F /* VC */,
				439CC2C02366BCFC00978E9F /* View */,
				439CC1EB2366A3C900978E9F /* 水浒传.txt */,
				439CC2BC2366AE0100978E9F /* 01.txt */,
				439CC1D723669ED100978E9F /* AppDelegate.swift */,
				4385636323682507007D055D /* Const.swift */,
				439CC2C62366CB0E00978E9F /* UIKit+Extension.swift */,
				439CC1D923669ED100978E9F /* SceneDelegate.swift */,
				439CC1DD23669ED100978E9F /* Main.storyboard */,
				439CC1E023669ED500978E9F /* Assets.xcassets */,
				439CC1E223669ED500978E9F /* LaunchScreen.storyboard */,
				439CC1E523669ED500978E9F /* Info.plist */,
			);
			path = LocationReader;
			sourceTree = "<group>";
		};
		439CC2C02366BCFC00978E9F /* View */ = {
			isa = PBXGroup;
			children = (
				439CC2BE2366BCF300978E9F /* LRTimeLabel.swift */,
				439CC2C12366C43500978E9F /* Miso(1347)0032.jpg */,
			);
			path = View;
			sourceTree = "<group>";
		};
		439CC2C32366C9A000978E9F /* VC */ = {
			isa = PBXGroup;
			children = (
				439CC2C42366C9D700978E9F /* LRBookshelfViewController.swift */,
				439CC1DB23669ED100978E9F /* LRBooKViewController.swift */,
				4385636123672B01007D055D /* LRPageViewController.swift */,
			);
			path = VC;
			sourceTree = "<group>";
		};
/* End PBXGroup section */

/* Begin PBXNativeTarget section */
		439CC1D323669ED100978E9F /* LocationReader */ = {
			isa = PBXNativeTarget;
			buildConfigurationList = 439CC1E823669ED500978E9F /* Build configuration list for PBXNativeTarget "LocationReader" */;
			buildPhases = (
				439CC1D023669ED100978E9F /* Sources */,
				439CC1D123669ED100978E9F /* Frameworks */,
				439CC1D223669ED100978E9F /* Resources */,
			);
			buildRules = (
			);
			dependencies = (
			);
			name = LocationReader;
			productName = LocationReader;
			productReference = 439CC1D423669ED100978E9F /* LocationReader.app */;
			productType = "com.apple.product-type.application";
		};
/* End PBXNativeTarget section */

/* Begin PBXProject section */
		439CC1CC23669ED100978E9F /* Project object */ = {
			isa = PBXProject;
			attributes = {
				CLASSPREFIX = LR;
				LastSwiftUpdateCheck = 1110;
				LastUpgradeCheck = 1110;
				ORGANIZATIONNAME = "罗超";
				TargetAttributes = {
					439CC1D323669ED100978E9F = {
						CreatedOnToolsVersion = 11.1;
					};
				};
			};
			buildConfigurationList = 439CC1CF23669ED100978E9F /* Build configuration list for PBXProject "LocationReader" */;
			compatibilityVersion = "Xcode 9.3";
			developmentRegion = en;
			hasScannedForEncodings = 0;
			knownRegions = (
				en,
				Base,
			);
			mainGroup = 439CC1CB23669ED100978E9F;
			productRefGroup = 439CC1D523669ED100978E9F /* Products */;
			projectDirPath = "";
			projectRoot = "";
			targets = (
				439CC1D323669ED100978E9F /* LocationReader */,
			);
		};
/* End PBXProject section */

/* Begin PBXResourcesBuildPhase section */
		439CC1D223669ED100978E9F /* Resources */ = {
			isa = PBXResourcesBuildPhase;
			buildActionMask = 2147483647;
			files = (
				439CC2BD2366AE0100978E9F /* 01.txt in Resources */,
				439CC1E423669ED500978E9F /* LaunchScreen.storyboard in Resources */,
				439CC1E123669ED500978E9F /* Assets.xcassets in Resources */,
				439CC1DF23669ED100978E9F /* Main.storyboard in Resources */,
				439CC2C22366C43500978E9F /* Miso(1347)0032.jpg in Resources */,
				439CC1EC2366A3C900978E9F /* 水浒传.txt in Resources */,
			);
			runOnlyForDeploymentPostprocessing = 0;
		};
/* End PBXResourcesBuildPhase section */

/* Begin PBXSourcesBuildPhase section */
		439CC1D023669ED100978E9F /* Sources */ = {
			isa = PBXSourcesBuildPhase;
			buildActionMask = 2147483647;
			files = (
				439CC1DC23669ED100978E9F /* LRBooKViewController.swift in Sources */,
				438563682369BFD9007D055D /* LRPageModel.swift in Sources */,
				439CC2BF2366BCF300978E9F /* LRTimeLabel.swift in Sources */,
				439CC1D823669ED100978E9F /* AppDelegate.swift in Sources */,
				439CC1DA23669ED100978E9F /* SceneDelegate.swift in Sources */,
				4385636223672B01007D055D /* LRPageViewController.swift in Sources */,
				4385636423682507007D055D /* Const.swift in Sources */,
				439CC2C72366CB0E00978E9F /* UIKit+Extension.swift in Sources */,
				439CC2C52366C9D700978E9F /* LRBookshelfViewController.swift in Sources */,
			);
			runOnlyForDeploymentPostprocessing = 0;
		};
/* End PBXSourcesBuildPhase section */

/* Begin PBXVariantGroup section */
		439CC1DD23669ED100978E9F /* Main.storyboard */ = {
			isa = PBXVariantGroup;
			children = (
				439CC1DE23669ED100978E9F /* Base */,
			);
			name = Main.storyboard;
			sourceTree = "<group>";
		};
		439CC1E223669ED500978E9F /* LaunchScreen.storyboard */ = {
			isa = PBXVariantGroup;
			children = (
				439CC1E323669ED500978E9F /* Base */,
			);
			name = LaunchScreen.storyboard;
			sourceTree = "<group>";
		};
/* End PBXVariantGroup section */

/* Begin XCBuildConfiguration section */
		439CC1E623669ED500978E9F /* Debug */ = {
			isa = XCBuildConfiguration;
			buildSettings = {
				ALWAYS_SEARCH_USER_PATHS = NO;
				CLANG_ANALYZER_NONNULL = YES;
				CLANG_ANALYZER_NUMBER_OBJECT_CONVERSION = YES_AGGRESSIVE;
				CLANG_CXX_LANGUAGE_STANDARD = "gnu++14";
				CLANG_CXX_LIBRARY = "libc++";
				CLANG_ENABLE_MODULES = YES;
				CLANG_ENABLE_OBJC_ARC = YES;
				CLANG_ENABLE_OBJC_WEAK = YES;
				CLANG_WARN_BLOCK_CAPTURE_AUTORELEASING = YES;
				CLANG_WARN_BOOL_CONVERSION = YES;
				CLANG_WARN_COMMA = YES;
				CLANG_WARN_CONSTANT_CONVERSION = YES;
				CLANG_WARN_DEPRECATED_OBJC_IMPLEMENTATIONS = YES;
				CLANG_WARN_DIRECT_OBJC_ISA_USAGE = YES_ERROR;
				CLANG_WARN_DOCUMENTATION_COMMENTS = YES;
				CLANG_WARN_EMPTY_BODY = YES;
				CLANG_WARN_ENUM_CONVERSION = YES;
				CLANG_WARN_INFINITE_RECURSION = YES;
				CLANG_WARN_INT_CONVERSION = YES;
				CLANG_WARN_NON_LITERAL_NULL_CONVERSION = YES;
				CLANG_WARN_OBJC_IMPLICIT_RETAIN_SELF = YES;
				CLANG_WARN_OBJC_LITERAL_CONVERSION = YES;
				CLANG_WARN_OBJC_ROOT_CLASS = YES_ERROR;
				CLANG_WARN_RANGE_LOOP_ANALYSIS = YES;
				CLANG_WARN_STRICT_PROTOTYPES = YES;
				CLANG_WARN_SUSPICIOUS_MOVE = YES;
				CLANG_WARN_UNGUARDED_AVAILABILITY = YES_AGGRESSIVE;
				CLANG_WARN_UNREACHABLE_CODE = YES;
				CLANG_WARN__DUPLICATE_METHOD_MATCH = YES;
				COPY_PHASE_STRIP = NO;
				DEBUG_INFORMATION_FORMAT = dwarf;
				ENABLE_STRICT_OBJC_MSGSEND = YES;
				ENABLE_TESTABILITY = YES;
				GCC_C_LANGUAGE_STANDARD = gnu11;
				GCC_DYNAMIC_NO_PIC = NO;
				GCC_NO_COMMON_BLOCKS = YES;
				GCC_OPTIMIZATION_LEVEL = 0;
				GCC_PREPROCESSOR_DEFINITIONS = (
					"DEBUG=1",
					"$(inherited)",
				);
				GCC_WARN_64_TO_32_BIT_CONVERSION = YES;
				GCC_WARN_ABOUT_RETURN_TYPE = YES_ERROR;
				GCC_WARN_UNDECLARED_SELECTOR = YES;
				GCC_WARN_UNINITIALIZED_AUTOS = YES_AGGRESSIVE;
				GCC_WARN_UNUSED_FUNCTION = YES;
				GCC_WARN_UNUSED_VARIABLE = YES;
				IPHONEOS_DEPLOYMENT_TARGET = 13.1;
				MTL_ENABLE_DEBUG_INFO = INCLUDE_SOURCE;
				MTL_FAST_MATH = YES;
				ONLY_ACTIVE_ARCH = YES;
				SDKROOT = iphoneos;
				SWIFT_ACTIVE_COMPILATION_CONDITIONS = DEBUG;
				SWIFT_OPTIMIZATION_LEVEL = "-Onone";
			};
			name = Debug;
		};
		439CC1E723669ED500978E9F /* Release */ = {
			isa = XCBuildConfiguration;
			buildSettings = {
				ALWAYS_SEARCH_USER_PATHS = NO;
				CLANG_ANALYZER_NONNULL = YES;
				CLANG_ANALYZER_NUMBER_OBJECT_CONVERSION = YES_AGGRESSIVE;
				CLANG_CXX_LANGUAGE_STANDARD = "gnu++14";
				CLANG_CXX_LIBRARY = "libc++";
				CLANG_ENABLE_MODULES = YES;
				CLANG_ENABLE_OBJC_ARC = YES;
				CLANG_ENABLE_OBJC_WEAK = YES;
				CLANG_WARN_BLOCK_CAPTURE_AUTORELEASING = YES;
				CLANG_WARN_BOOL_CONVERSION = YES;
				CLANG_WARN_COMMA = YES;
				CLANG_WARN_CONSTANT_CONVERSION = YES;
				CLANG_WARN_DEPRECATED_OBJC_IMPLEMENTATIONS = YES;
				CLANG_WARN_DIRECT_OBJC_ISA_USAGE = YES_ERROR;
				CLANG_WARN_DOCUMENTATION_COMMENTS = YES;
				CLANG_WARN_EMPTY_BODY = YES;
				CLANG_WARN_ENUM_CONVERSION = YES;
				CLANG_WARN_INFINITE_RECURSION = YES;
				CLANG_WARN_INT_CONVERSION = YES;
				CLANG_WARN_NON_LITERAL_NULL_CONVERSION = YES;
				CLANG_WARN_OBJC_IMPLICIT_RETAIN_SELF = YES;
				CLANG_WARN_OBJC_LITERAL_CONVERSION = YES;
				CLANG_WARN_OBJC_ROOT_CLASS = YES_ERROR;
				CLANG_WARN_RANGE_LOOP_ANALYSIS = YES;
				CLANG_WARN_STRICT_PROTOTYPES = YES;
				CLANG_WARN_SUSPICIOUS_MOVE = YES;
				CLANG_WARN_UNGUARDED_AVAILABILITY = YES_AGGRESSIVE;
				CLANG_WARN_UNREACHABLE_CODE = YES;
				CLANG_WARN__DUPLICATE_METHOD_MATCH = YES;
				COPY_PHASE_STRIP = NO;
				DEBUG_INFORMATION_FORMAT = "dwarf-with-dsym";
				ENABLE_NS_ASSERTIONS = NO;
				ENABLE_STRICT_OBJC_MSGSEND = YES;
				GCC_C_LANGUAGE_STANDARD = gnu11;
				GCC_NO_COMMON_BLOCKS = YES;
				GCC_WARN_64_TO_32_BIT_CONVERSION = YES;
				GCC_WARN_ABOUT_RETURN_TYPE = YES_ERROR;
				GCC_WARN_UNDECLARED_SELECTOR = YES;
				GCC_WARN_UNINITIALIZED_AUTOS = YES_AGGRESSIVE;
				GCC_WARN_UNUSED_FUNCTION = YES;
				GCC_WARN_UNUSED_VARIABLE = YES;
				IPHONEOS_DEPLOYMENT_TARGET = 13.1;
				MTL_ENABLE_DEBUG_INFO = NO;
				MTL_FAST_MATH = YES;
				SDKROOT = iphoneos;
				SWIFT_COMPILATION_MODE = wholemodule;
				SWIFT_OPTIMIZATION_LEVEL = "-O";
				VALIDATE_PRODUCT = YES;
			};
			name = Release;
		};
		439CC1E923669ED500978E9F /* Debug */ = {
			isa = XCBuildConfiguration;
			buildSettings = {
				ASSETCATALOG_COMPILER_APPICON_NAME = AppIcon;
				CODE_SIGN_STYLE = Automatic;
				DEVELOPMENT_TEAM = WCN73JC9RP;
				INFOPLIST_FILE = LocationReader/Info.plist;
				LD_RUNPATH_SEARCH_PATHS = (
					"$(inherited)",
					"@executable_path/Frameworks",
				);
				PRODUCT_BUNDLE_IDENTIFIER = lc.LocationReader;
				PRODUCT_NAME = "$(TARGET_NAME)";
				SWIFT_VERSION = 5.0;
				TARGETED_DEVICE_FAMILY = "1,2";
			};
			name = Debug;
		};
		439CC1EA23669ED500978E9F /* Release */ = {
			isa = XCBuildConfiguration;
			buildSettings = {
				ASSETCATALOG_COMPILER_APPICON_NAME = AppIcon;
				CODE_SIGN_STYLE = Automatic;
				DEVELOPMENT_TEAM = WCN73JC9RP;
				INFOPLIST_FILE = LocationReader/Info.plist;
				LD_RUNPATH_SEARCH_PATHS = (
					"$(inherited)",
					"@executable_path/Frameworks",
				);
				PRODUCT_BUNDLE_IDENTIFIER = lc.LocationReader;
				PRODUCT_NAME = "$(TARGET_NAME)";
				SWIFT_VERSION = 5.0;
				TARGETED_DEVICE_FAMILY = "1,2";
			};
			name = Release;
		};
/* End XCBuildConfiguration section */

/* Begin XCConfigurationList section */
		439CC1CF23669ED100978E9F /* Build configuration list for PBXProject "LocationReader" */ = {
			isa = XCConfigurationList;
			buildConfigurations = (
				439CC1E623669ED500978E9F /* Debug */,
				439CC1E723669ED500978E9F /* Release */,
			);
			defaultConfigurationIsVisible = 0;
			defaultConfigurationName = Release;
		};
		439CC1E823669ED500978E9F /* Build configuration list for PBXNativeTarget "LocationReader" */ = {
			isa = XCConfigurationList;
			buildConfigurations = (
				439CC1E923669ED500978E9F /* Debug */,
				439CC1EA23669ED500978E9F /* Release */,
			);
			defaultConfigurationIsVisible = 0;
			defaultConfigurationName = Release;
		};
/* End XCConfigurationList section */
	};
	rootObject = 439CC1CC23669ED100978E9F /* Project object */;
}
